// !$*UTF8*$!
{
	archiveVersion = 1;
	classes = {
	};
	objectVersion = 50;
	objects = {

/* Begin PBXBuildFile section */
		9DB052D72822BA9A007BAF98 /* AppDelegate.swift in Sources */ = {isa = PBXBuildFile; fileRef = 9DB052D62822BA9A007BAF98 /* AppDelegate.swift */; };
		9DB052D92822BA9A007BAF98 /* SceneDelegate.swift in Sources */ = {isa = PBXBuildFile; fileRef = 9DB052D82822BA9A007BAF98 /* SceneDelegate.swift */; };
		9DB052DB2822BA9A007BAF98 /* ViewController.swift in Sources */ = {isa = PBXBuildFile; fileRef = 9DB052DA2822BA9A007BAF98 /* ViewController.swift */; };
		9DB052DE2822BA9A007BAF98 /* Main.storyboard in Resources */ = {isa = PBXBuildFile; fileRef = 9DB052DC2822BA9A007BAF98 /* Main.storyboard */; };
		9DB052E02822BA9C007BAF98 /* Assets.xcassets in Resources */ = {isa = PBXBuildFile; fileRef = 9DB052DF2822BA9C007BAF98 /* Assets.xcassets */; };
		9DB052E32822BA9C007BAF98 /* LaunchScreen.storyboard in Resources */ = {isa = PBXBuildFile; fileRef = 9DB052E12822BA9C007BAF98 /* LaunchScreen.storyboard */; };
		9DB052EC2822C446007BAF98 /* FilmesTableViewCell.swift in Sources */ = {isa = PBXBuildFile; fileRef = 9DB052EB2822C446007BAF98 /* FilmesTableViewCell.swift */; };
/* End PBXBuildFile section */

/* Begin PBXFileReference section */
		9DB052D32822BA9A007BAF98 /* FilmesTableViewCustomizada.app */ = {isa = PBXFileReference; explicitFileType = wrapper.application; includeInIndex = 0; path = FilmesTableViewCustomizada.app; sourceTree = BUILT_PRODUCTS_DIR; };
		9DB052D62822BA9A007BAF98 /* AppDelegate.swift */ = {isa = PBXFileReference; lastKnownFileType = sourcecode.swift; path = AppDelegate.swift; sourceTree = "<group>"; };
		9DB052D82822BA9A007BAF98 /* SceneDelegate.swift */ = {isa = PBXFileReference; lastKnownFileType = sourcecode.swift; path = SceneDelegate.swift; sourceTree = "<group>"; };
		9DB052DA2822BA9A007BAF98 /* ViewController.swift */ = {isa = PBXFileReference; lastKnownFileType = sourcecode.swift; path = ViewController.swift; sourceTree = "<group>"; };
		9DB052DD2822BA9A007BAF98 /* Base */ = {isa = PBXFileReference; lastKnownFileType = file.storyboard; name = Base; path = Base.lproj/Main.storyboard; sourceTree = "<group>"; };
		9DB052DF2822BA9C007BAF98 /* Assets.xcassets */ = {isa = PBXFileReference; lastKnownFileType = folder.assetcatalog; path = Assets.xcassets; sourceTree = "<group>"; };
		9DB052E22822BA9C007BAF98 /* Base */ = {isa = PBXFileReference; lastKnownFileType = file.storyboard; name = Base; path = Base.lproj/LaunchScreen.storyboard; sourceTree = "<group>"; };
		9DB052E42822BA9C007BAF98 /* Info.plist */ = {isa = PBXFileReference; lastKnownFileType = text.plist.xml; path = Info.plist; sourceTree = "<group>"; };
		9DB052EB2822C446007BAF98 /* FilmesTableViewCell.swift */ = {isa = PBXFileReference; lastKnownFileType = sourcecode.swift; path = FilmesTableViewCell.swift; sourceTree = "<group>"; };
/* End PBXFileReference section */

/* Begin PBXFrameworksBuildPhase section */
		9DB052D02822BA9A007BAF98 /* Frameworks */ = {
			isa = PBXFrameworksBuildPhase;
			buildActionMask = 2147483647;
			files = (
			);
			runOnlyForDeploymentPostprocessing = 0;
		};
/* End PBXFrameworksBuildPhase section */

/* Begin PBXGroup section */
		9DB052CA2822BA9A007BAF98 = {
			isa = PBXGroup;
			children = (
				9DB052EB2822C446007BAF98 /* FilmesTableViewCell.swift */,
				9DB052D52822BA9A007BAF98 /* FilmesTableViewCustomizada */,
				9DB052D42822BA9A007BAF98 /* Products */,
			);
			sourceTree = "<group>";
		};
		9DB052D42822BA9A007BAF98 /* Products */ = {
			isa = PBXGroup;
			children = (
				9DB052D32822BA9A007BAF98 /* FilmesTableViewCustomizada.app */,
			);
			name = Products;
			sourceTree = "<group>";
		};
		9DB052D52822BA9A007BAF98 /* FilmesTableViewCustomizada */ = {
			isa = PBXGroup;
			children = (
				9DB052D62822BA9A007BAF98 /* AppDelegate.swift */,
				9DB052D82822BA9A007BAF98 /* SceneDelegate.swift */,
				9DB052DA2822BA9A007BAF98 /* ViewController.swift */,
				9DB052DC2822BA9A007BAF98 /* Main.storyboard */,
				9DB052DF2822BA9C007BAF98 /* Assets.xcassets */,
				9DB052E12822BA9C007BAF98 /* LaunchScreen.storyboard */,
				9DB052E42822BA9C007BAF98 /* Info.plist */,
			);
			path = FilmesTableViewCustomizada;
			sourceTree = "<group>";
		};
/* End PBXGroup section */

/* Begin PBXNativeTarget section */
		9DB052D22822BA9A007BAF98 /* FilmesTableViewCustomizada */ = {
			isa = PBXNativeTarget;
			buildConfigurationList = 9DB052E72822BA9C007BAF98 /* Build configuration list for PBXNativeTarget "FilmesTableViewCustomizada" */;
			buildPhases = (
				9DB052CF2822BA9A007BAF98 /* Sources */,
				9DB052D02822BA9A007BAF98 /* Frameworks */,
				9DB052D12822BA9A007BAF98 /* Resources */,
			);
			buildRules = (
			);
			dependencies = (
			);
			name = FilmesTableViewCustomizada;
			productName = FilmesTableViewCustomizada;
			productReference = 9DB052D32822BA9A007BAF98 /* FilmesTableViewCustomizada.app */;
			productType = "com.apple.product-type.application";
		};
/* End PBXNativeTarget section */

/* Begin PBXProject section */
		9DB052CB2822BA9A007BAF98 /* Project object */ = {
			isa = PBXProject;
			attributes = {
				LastSwiftUpdateCheck = 1130;
				LastUpgradeCheck = 1130;
				ORGANIZATIONNAME = teste;
				TargetAttributes = {
					9DB052D22822BA9A007BAF98 = {
						CreatedOnToolsVersion = 11.3.1;
					};
				};
			};
			buildConfigurationList = 9DB052CE2822BA9A007BAF98 /* Build configuration list for PBXProject "FilmesTableViewCustomizada" */;
			compatibilityVersion = "Xcode 9.3";
			developmentRegion = en;
			hasScannedForEncodings = 0;
			knownRegions = (
				en,
				Base,
			);
			mainGroup = 9DB052CA2822BA9A007BAF98;
			productRefGroup = 9DB052D42822BA9A007BAF98 /* Products */;
			projectDirPath = "";
			projectRoot = "";
			targets = (
				9DB052D22822BA9A007BAF98 /* FilmesTableViewCustomizada */,
			);
		};
/* End PBXProject section */

/* Begin PBXResourcesBuildPhase section */
		9DB052D12822BA9A007BAF98 /* Resources */ = {
			isa = PBXResourcesBuildPhase;
			buildActionMask = 2147483647;
			files = (
				9DB052E32822BA9C007BAF98 /* LaunchScreen.storyboard in Resources */,
				9DB052E02822BA9C007BAF98 /* Assets.xcassets in Resources */,
				9DB052DE2822BA9A007BAF98 /* Main.storyboard in Resources */,
			);
			runOnlyForDeploymentPostprocessing = 0;
		};
/* End PBXResourcesBuildPhase section */

/* Begin PBXSourcesBuildPhase section */
		9DB052CF2822BA9A007BAF98 /* Sources */ = {
			isa = PBXSourcesBuildPhase;
			buildActionMask = 2147483647;
			files = (
				9DB052DB2822BA9A007BAF98 /* ViewController.swift in Sources */,
				9DB052D72822BA9A007BAF98 /* AppDelegate.swift in Sources */,
				9DB052D92822BA9A007BAF98 /* SceneDelegate.swift in Sources */,
				9DB052EC2822C446007BAF98 /* FilmesTableViewCell.swift in Sources */,
			);
			runOnlyForDeploymentPostprocessing = 0;
		};
/* End PBXSourcesBuildPhase section */

/* Begin PBXVariantGroup section */
		9DB052DC2822BA9A007BAF98 /* Main.storyboard */ = {
			isa = PBXVariantGroup;
			children = (
				9DB052DD2822BA9A007BAF98 /* Base */,
			);
			name = Main.storyboard;
			sourceTree = "<group>";
		};
		9DB052E12822BA9C007BAF98 /* LaunchScreen.storyboard */ = {
			isa = PBXVariantGroup;
			children = (
				9DB052E22822BA9C007BAF98 /* Base */,
			);
			name = LaunchScreen.storyboard;
			sourceTree = "<group>";
		};
/* End PBXVariantGroup section */

/* Begin XCBuildConfiguration section */
		9DB052E52822BA9C007BAF98 /* Debug */ = {
			isa = XCBuildConfiguration;
			buildSettings = {
				ALWAYS_SEARCH_USER_PATHS = NO;
				CLANG_ANALYZER_NONNULL = YES;
				CLANG_ANALYZER_NUMBER_OBJECT_CONVERSION = YES_AGGRESSIVE;
				CLANG_CXX_LANGUAGE_STANDARD = "gnu++14";
				CLANG_CXX_LIBRARY = "libc++";
				CLANG_ENABLE_MODULES = YES;
				CLANG_ENABLE_OBJC_ARC = YES;
				CLANG_ENABLE_OBJC_WEAK = YES;
				CLANG_WARN_BLOCK_CAPTURE_AUTORELEASING = YES;
				CLANG_WARN_BOOL_CONVERSION = YES;
				CLANG_WARN_COMMA = YES;
				CLANG_WARN_CONSTANT_CONVERSION = YES;
				CLANG_WARN_DEPRECATED_OBJC_IMPLEMENTATIONS = YES;
				CLANG_WARN_DIRECT_OBJC_ISA_USAGE = YES_ERROR;
				CLANG_WARN_DOCUMENTATION_COMMENTS = YES;
				CLANG_WARN_EMPTY_BODY = YES;
				CLANG_WARN_ENUM_CONVERSION = YES;
				CLANG_WARN_INFINITE_RECURSION = YES;
				CLANG_WARN_INT_CONVERSION = YES;
				CLANG_WARN_NON_LITERAL_NULL_CONVERSION = YES;
				CLANG_WARN_OBJC_IMPLICIT_RETAIN_SELF = YES;
				CLANG_WARN_OBJC_LITERAL_CONVERSION = YES;
				CLANG_WARN_OBJC_ROOT_CLASS = YES_ERROR;
				CLANG_WARN_RANGE_LOOP_ANALYSIS = YES;
				CLANG_WARN_STRICT_PROTOTYPES = YES;
				CLANG_WARN_SUSPICIOUS_MOVE = YES;
				CLANG_WARN_UNGUARDED_AVAILABILITY = YES_AGGRESSIVE;
				CLANG_WARN_UNREACHABLE_CODE = YES;
				CLANG_WARN__DUPLICATE_METHOD_MATCH = YES;
				COPY_PHASE_STRIP = NO;
				DEBUG_INFORMATION_FORMAT = dwarf;
				ENABLE_STRICT_OBJC_MSGSEND = YES;
				ENABLE_TESTABILITY = YES;
				GCC_C_LANGUAGE_STANDARD = gnu11;
				GCC_DYNAMIC_NO_PIC = NO;
				GCC_NO_COMMON_BLOCKS = YES;
				GCC_OPTIMIZATION_LEVEL = 0;
				GCC_PREPROCESSOR_DEFINITIONS = (
					"DEBUG=1",
					"$(inherited)",
				);
				GCC_WARN_64_TO_32_BIT_CONVERSION = YES;
				GCC_WARN_ABOUT_RETURN_TYPE = YES_ERROR;
				GCC_WARN_UNDECLARED_SELECTOR = YES;
				GCC_WARN_UNINITIALIZED_AUTOS = YES_AGGRESSIVE;
				GCC_WARN_UNUSED_FUNCTION = YES;
				GCC_WARN_UNUSED_VARIABLE = YES;
				IPHONEOS_DEPLOYMENT_TARGET = 13.2;
				MTL_ENABLE_DEBUG_INFO = INCLUDE_SOURCE;
				MTL_FAST_MATH = YES;
				ONLY_ACTIVE_ARCH = YES;
				SDKROOT = iphoneos;
				SWIFT_ACTIVE_COMPILATION_CONDITIONS = DEBUG;
				SWIFT_OPTIMIZATION_LEVEL = "-Onone";
			};
			name = Debug;
		};
		9DB052E62822BA9C007BAF98 /* Release */ = {
			isa = XCBuildConfiguration;
			buildSettings = {
				ALWAYS_SEARCH_USER_PATHS = NO;
				CLANG_ANALYZER_NONNULL = YES;
				CLANG_ANALYZER_NUMBER_OBJECT_CONVERSION = YES_AGGRESSIVE;
				CLANG_CXX_LANGUAGE_STANDARD = "gnu++14";
				CLANG_CXX_LIBRARY = "libc++";
				CLANG_ENABLE_MODULES = YES;
				CLANG_ENABLE_OBJC_ARC = YES;
				CLANG_ENABLE_OBJC_WEAK = YES;
				CLANG_WARN_BLOCK_CAPTURE_AUTORELEASING = YES;
				CLANG_WARN_BOOL_CONVERSION = YES;
				CLANG_WARN_COMMA = YES;
				CLANG_WARN_CONSTANT_CONVERSION = YES;
				CLANG_WARN_DEPRECATED_OBJC_IMPLEMENTATIONS = YES;
				CLANG_WARN_DIRECT_OBJC_ISA_USAGE = YES_ERROR;
				CLANG_WARN_DOCUMENTATION_COMMENTS = YES;
				CLANG_WARN_EMPTY_BODY = YES;
				CLANG_WARN_ENUM_CONVERSION = YES;
				CLANG_WARN_INFINITE_RECURSION = YES;
				CLANG_WARN_INT_CONVERSION = YES;
				CLANG_WARN_NON_LITERAL_NULL_CONVERSION = YES;
				CLANG_WARN_OBJC_IMPLICIT_RETAIN_SELF = YES;
				CLANG_WARN_OBJC_LITERAL_CONVERSION = YES;
				CLANG_WARN_OBJC_ROOT_CLASS = YES_ERROR;
				CLANG_WARN_RANGE_LOOP_ANALYSIS = YES;
				CLANG_WARN_STRICT_PROTOTYPES = YES;
				CLANG_WARN_SUSPICIOUS_MOVE = YES;
				CLANG_WARN_UNGUARDED_AVAILABILITY = YES_AGGRESSIVE;
				CLANG_WARN_UNREACHABLE_CODE = YES;
				CLANG_WARN__DUPLICATE_METHOD_MATCH = YES;
				COPY_PHASE_STRIP = NO;
				DEBUG_INFORMATION_FORMAT = "dwarf-with-dsym";
				ENABLE_NS_ASSERTIONS = NO;
				ENABLE_STRICT_OBJC_MSGSEND = YES;
				GCC_C_LANGUAGE_STANDARD = gnu11;
				GCC_NO_COMMON_BLOCKS = YES;
				GCC_WARN_64_TO_32_BIT_CONVERSION = YES;
				GCC_WARN_ABOUT_RETURN_TYPE = YES_ERROR;
				GCC_WARN_UNDECLARED_SELECTOR = YES;
				GCC_WARN_UNINITIALIZED_AUTOS = YES_AGGRESSIVE;
				GCC_WARN_UNUSED_FUNCTION = YES;
				GCC_WARN_UNUSED_VARIABLE = YES;
				IPHONEOS_DEPLOYMENT_TARGET = 13.2;
				MTL_ENABLE_DEBUG_INFO = NO;
				MTL_FAST_MATH = YES;
				SDKROOT = iphoneos;
				SWIFT_COMPILATION_MODE = wholemodule;
				SWIFT_OPTIMIZATION_LEVEL = "-O";
				VALIDATE_PRODUCT = YES;
			};
			name = Release;
		};
		9DB052E82822BA9C007BAF98 /* Debug */ = {
			isa = XCBuildConfiguration;
			buildSettings = {
				ASSETCATALOG_COMPILER_APPICON_NAME = AppIcon;
				CODE_SIGN_STYLE = Automatic;
				INFOPLIST_FILE = FilmesTableViewCustomizada/Info.plist;
				LD_RUNPATH_SEARCH_PATHS = (
					"$(inherited)",
					"@executable_path/Frameworks",
				);
				PRODUCT_BUNDLE_IDENTIFIER = com.testeCao.FilmesTableViewCustomizada;
				PRODUCT_NAME = "$(TARGET_NAME)";
				SWIFT_VERSION = 5.0;
				TARGETED_DEVICE_FAMILY = "1,2";
			};
			name = Debug;
		};
		9DB052E92822BA9C007BAF98 /* Release */ = {
			isa = XCBuildConfiguration;
			buildSettings = {
				ASSETCATALOG_COMPILER_APPICON_NAME = AppIcon;
				CODE_SIGN_STYLE = Automatic;
				INFOPLIST_FILE = FilmesTableViewCustomizada/Info.plist;
				LD_RUNPATH_SEARCH_PATHS = (
					"$(inherited)",
					"@executable_path/Frameworks",
				);
				PRODUCT_BUNDLE_IDENTIFIER = com.testeCao.FilmesTableViewCustomizada;
				PRODUCT_NAME = "$(TARGET_NAME)";
				SWIFT_VERSION = 5.0;
				TARGETED_DEVICE_FAMILY = "1,2";
			};
			name = Release;
		};
/* End XCBuildConfiguration section */

/* Begin XCConfigurationList section */
		9DB052CE2822BA9A007BAF98 /* Build configuration list for PBXProject "FilmesTableViewCustomizada" */ = {
			isa = XCConfigurationList;
			buildConfigurations = (
				9DB052E52822BA9C007BAF98 /* Debug */,
				9DB052E62822BA9C007BAF98 /* Release */,
			);
			defaultConfigurationIsVisible = 0;
			defaultConfigurationName = Release;
		};
		9DB052E72822BA9C007BAF98 /* Build configuration list for PBXNativeTarget "FilmesTableViewCustomizada" */ = {
			isa = XCConfigurationList;
			buildConfigurations = (
				9DB052E82822BA9C007BAF98 /* Debug */,
				9DB052E92822BA9C007BAF98 /* Release */,
			);
			defaultConfigurationIsVisible = 0;
			defaultConfigurationName = Release;
		};
/* End XCConfigurationList section */
	};
	rootObject = 9DB052CB2822BA9A007BAF98 /* Project object */;
}
